
Microsoft Visual Studio Solution File, Format Version 12.00
# Visual Studio 15
VisualStudioVersion = 15.0.28307.329
MinimumVisualStudioVersion = 10.0.40219.1
Project("{FAE04EC0-301F-11D3-BF4B-00C04F79EFBC}") = "RiveScript CSharp", "RiveScript CSharp\RiveScript CSharp.csproj", "{F8C849D1-9581-4021-B6D5-F8AA9E0954E1}"
EndProject
Global
	GlobalSection(SolutionConfigurationPlatforms) = preSolution
		Debug|Any CPU = Debug|Any CPU
		Release|Any CPU = Release|Any CPU
	EndGlobalSection
	GlobalSection(ProjectConfigurationPlatforms) = postSolution
		{F8C849D1-9581-4021-B6D5-F8AA9E0954E1}.Debug|Any CPU.ActiveCfg = Debug|Any CPU
		{F8C849D1-9581-4021-B6D5-F8AA9E0954E1}.Debug|Any CPU.Build.0 = Debug|Any CPU
		{F8C849D1-9581-4021-B6D5-F8AA9E0954E1}.Release|Any CPU.ActiveCfg = Release|Any CPU
		{F8C849D1-9581-4021-B6D5-F8AA9E0954E1}.Release|Any CPU.Build.0 = Release|Any CPU
	EndGlobalSection
	GlobalSection(SolutionProperties) = preSolution
		HideSolutionNode = FALSE
	EndGlobalSection
	GlobalSection(ExtensibilityGlobals) = postSolution
		SolutionGuid = {1D3B0319-AACF-472D-A1E3-20EC29AD1E16}
	EndGlobalSection
EndGlobal
